// !$*UTF8*$!
{
	archiveVersion = 1;
	classes = {
	};
	objectVersion = 50;
	objects = {

/* Begin PBXBuildFile section */
		04C0177D20A392C300AE27E1 /* AppDelegate.swift in Sources */ = {isa = PBXBuildFile; fileRef = 04C0177C20A392C300AE27E1 /* AppDelegate.swift */; };
		04C0177F20A392C300AE27E1 /* ViewController.swift in Sources */ = {isa = PBXBuildFile; fileRef = 04C0177E20A392C300AE27E1 /* ViewController.swift */; };
		04C0178220A392C300AE27E1 /* Main.storyboard in Resources */ = {isa = PBXBuildFile; fileRef = 04C0178020A392C300AE27E1 /* Main.storyboard */; };
		04C0178520A392C300AE27E1 /* StarWars.xcdatamodeld in Sources */ = {isa = PBXBuildFile; fileRef = 04C0178320A392C300AE27E1 /* StarWars.xcdatamodeld */; };
		04C0178720A392C500AE27E1 /* Assets.xcassets in Resources */ = {isa = PBXBuildFile; fileRef = 04C0178620A392C500AE27E1 /* Assets.xcassets */; };
		04C0178A20A392C500AE27E1 /* LaunchScreen.storyboard in Resources */ = {isa = PBXBuildFile; fileRef = 04C0178820A392C500AE27E1 /* LaunchScreen.storyboard */; };
		04C0179520A392C600AE27E1 /* StarWarsTests.swift in Sources */ = {isa = PBXBuildFile; fileRef = 04C0179420A392C600AE27E1 /* StarWarsTests.swift */; };
		04C017A020A392C600AE27E1 /* StarWarsUITests.swift in Sources */ = {isa = PBXBuildFile; fileRef = 04C0179F20A392C600AE27E1 /* StarWarsUITests.swift */; };
/* End PBXBuildFile section */

/* Begin PBXContainerItemProxy section */
		04C0179120A392C600AE27E1 /* PBXContainerItemProxy */ = {
			isa = PBXContainerItemProxy;
			containerPortal = 04C0177120A392C300AE27E1 /* Project object */;
			proxyType = 1;
			remoteGlobalIDString = 04C0177820A392C300AE27E1;
			remoteInfo = StarWars;
		};
		04C0179C20A392C600AE27E1 /* PBXContainerItemProxy */ = {
			isa = PBXContainerItemProxy;
			containerPortal = 04C0177120A392C300AE27E1 /* Project object */;
			proxyType = 1;
			remoteGlobalIDString = 04C0177820A392C300AE27E1;
			remoteInfo = StarWars;
		};
/* End PBXContainerItemProxy section */

/* Begin PBXFileReference section */
		04C0177920A392C300AE27E1 /* StarWars.app */ = {isa = PBXFileReference; explicitFileType = wrapper.application; includeInIndex = 0; path = StarWars.app; sourceTree = BUILT_PRODUCTS_DIR; };
		04C0177C20A392C300AE27E1 /* AppDelegate.swift */ = {isa = PBXFileReference; lastKnownFileType = sourcecode.swift; path = AppDelegate.swift; sourceTree = "<group>"; };
		04C0177E20A392C300AE27E1 /* ViewController.swift */ = {isa = PBXFileReference; lastKnownFileType = sourcecode.swift; path = ViewController.swift; sourceTree = "<group>"; };
		04C0178120A392C300AE27E1 /* Base */ = {isa = PBXFileReference; lastKnownFileType = file.storyboard; name = Base; path = Base.lproj/Main.storyboard; sourceTree = "<group>"; };
		04C0178420A392C300AE27E1 /* StarWars.xcdatamodel */ = {isa = PBXFileReference; lastKnownFileType = wrapper.xcdatamodel; path = StarWars.xcdatamodel; sourceTree = "<group>"; };
		04C0178620A392C500AE27E1 /* Assets.xcassets */ = {isa = PBXFileReference; lastKnownFileType = folder.assetcatalog; path = Assets.xcassets; sourceTree = "<group>"; };
		04C0178920A392C500AE27E1 /* Base */ = {isa = PBXFileReference; lastKnownFileType = file.storyboard; name = Base; path = Base.lproj/LaunchScreen.storyboard; sourceTree = "<group>"; };
		04C0178B20A392C500AE27E1 /* Info.plist */ = {isa = PBXFileReference; lastKnownFileType = text.plist.xml; path = Info.plist; sourceTree = "<group>"; };
		04C0179020A392C600AE27E1 /* StarWarsTests.xctest */ = {isa = PBXFileReference; explicitFileType = wrapper.cfbundle; includeInIndex = 0; path = StarWarsTests.xctest; sourceTree = BUILT_PRODUCTS_DIR; };
		04C0179420A392C600AE27E1 /* StarWarsTests.swift */ = {isa = PBXFileReference; lastKnownFileType = sourcecode.swift; path = StarWarsTests.swift; sourceTree = "<group>"; };
		04C0179620A392C600AE27E1 /* Info.plist */ = {isa = PBXFileReference; lastKnownFileType = text.plist.xml; path = Info.plist; sourceTree = "<group>"; };
		04C0179B20A392C600AE27E1 /* StarWarsUITests.xctest */ = {isa = PBXFileReference; explicitFileType = wrapper.cfbundle; includeInIndex = 0; path = StarWarsUITests.xctest; sourceTree = BUILT_PRODUCTS_DIR; };
		04C0179F20A392C600AE27E1 /* StarWarsUITests.swift */ = {isa = PBXFileReference; lastKnownFileType = sourcecode.swift; path = StarWarsUITests.swift; sourceTree = "<group>"; };
		04C017A120A392C600AE27E1 /* Info.plist */ = {isa = PBXFileReference; lastKnownFileType = text.plist.xml; path = Info.plist; sourceTree = "<group>"; };
/* End PBXFileReference section */

/* Begin PBXFrameworksBuildPhase section */
		04C0177620A392C300AE27E1 /* Frameworks */ = {
			isa = PBXFrameworksBuildPhase;
			buildActionMask = 2147483647;
			files = (
			);
			runOnlyForDeploymentPostprocessing = 0;
		};
		04C0178D20A392C600AE27E1 /* Frameworks */ = {
			isa = PBXFrameworksBuildPhase;
			buildActionMask = 2147483647;
			files = (
			);
			runOnlyForDeploymentPostprocessing = 0;
		};
		04C0179820A392C600AE27E1 /* Frameworks */ = {
			isa = PBXFrameworksBuildPhase;
			buildActionMask = 2147483647;
			files = (
			);
			runOnlyForDeploymentPostprocessing = 0;
		};
/* End PBXFrameworksBuildPhase section */

/* Begin PBXGroup section */
		04C0177020A392C300AE27E1 = {
			isa = PBXGroup;
			children = (
				04C0177B20A392C300AE27E1 /* StarWars */,
				04C0179320A392C600AE27E1 /* StarWarsTests */,
				04C0179E20A392C600AE27E1 /* StarWarsUITests */,
				04C0177A20A392C300AE27E1 /* Products */,
			);
			sourceTree = "<group>";
		};
		04C0177A20A392C300AE27E1 /* Products */ = {
			isa = PBXGroup;
			children = (
				04C0177920A392C300AE27E1 /* StarWars.app */,
				04C0179020A392C600AE27E1 /* StarWarsTests.xctest */,
				04C0179B20A392C600AE27E1 /* StarWarsUITests.xctest */,
			);
			name = Products;
			sourceTree = "<group>";
		};
		04C0177B20A392C300AE27E1 /* StarWars */ = {
			isa = PBXGroup;
			children = (
				04C0177C20A392C300AE27E1 /* AppDelegate.swift */,
				04C0177E20A392C300AE27E1 /* ViewController.swift */,
				04C0178020A392C300AE27E1 /* Main.storyboard */,
				04C0178620A392C500AE27E1 /* Assets.xcassets */,
				04C0178820A392C500AE27E1 /* LaunchScreen.storyboard */,
				04C0178B20A392C500AE27E1 /* Info.plist */,
				04C0178320A392C300AE27E1 /* StarWars.xcdatamodeld */,
			);
			path = StarWars;
			sourceTree = "<group>";
		};
		04C0179320A392C600AE27E1 /* StarWarsTests */ = {
			isa = PBXGroup;
			children = (
				04C0179420A392C600AE27E1 /* StarWarsTests.swift */,
				04C0179620A392C600AE27E1 /* Info.plist */,
			);
			path = StarWarsTests;
			sourceTree = "<group>";
		};
		04C0179E20A392C600AE27E1 /* StarWarsUITests */ = {
			isa = PBXGroup;
			children = (
				04C0179F20A392C600AE27E1 /* StarWarsUITests.swift */,
				04C017A120A392C600AE27E1 /* Info.plist */,
			);
			path = StarWarsUITests;
			sourceTree = "<group>";
		};
/* End PBXGroup section */

/* Begin PBXNativeTarget section */
		04C0177820A392C300AE27E1 /* StarWars */ = {
			isa = PBXNativeTarget;
			buildConfigurationList = 04C017A420A392C600AE27E1 /* Build configuration list for PBXNativeTarget "StarWars" */;
			buildPhases = (
				04C0177520A392C300AE27E1 /* Sources */,
				04C0177620A392C300AE27E1 /* Frameworks */,
				04C0177720A392C300AE27E1 /* Resources */,
			);
			buildRules = (
			);
			dependencies = (
			);
			name = StarWars;
			productName = StarWars;
			productReference = 04C0177920A392C300AE27E1 /* StarWars.app */;
			productType = "com.apple.product-type.application";
		};
		04C0178F20A392C600AE27E1 /* StarWarsTests */ = {
			isa = PBXNativeTarget;
			buildConfigurationList = 04C017A720A392C600AE27E1 /* Build configuration list for PBXNativeTarget "StarWarsTests" */;
			buildPhases = (
				04C0178C20A392C600AE27E1 /* Sources */,
				04C0178D20A392C600AE27E1 /* Frameworks */,
				04C0178E20A392C600AE27E1 /* Resources */,
			);
			buildRules = (
			);
			dependencies = (
				04C0179220A392C600AE27E1 /* PBXTargetDependency */,
			);
			name = StarWarsTests;
			productName = StarWarsTests;
			productReference = 04C0179020A392C600AE27E1 /* StarWarsTests.xctest */;
			productType = "com.apple.product-type.bundle.unit-test";
		};
		04C0179A20A392C600AE27E1 /* StarWarsUITests */ = {
			isa = PBXNativeTarget;
			buildConfigurationList = 04C017AA20A392C600AE27E1 /* Build configuration list for PBXNativeTarget "StarWarsUITests" */;
			buildPhases = (
				04C0179720A392C600AE27E1 /* Sources */,
				04C0179820A392C600AE27E1 /* Frameworks */,
				04C0179920A392C600AE27E1 /* Resources */,
			);
			buildRules = (
			);
			dependencies = (
				04C0179D20A392C600AE27E1 /* PBXTargetDependency */,
			);
			name = StarWarsUITests;
			productName = StarWarsUITests;
			productReference = 04C0179B20A392C600AE27E1 /* StarWarsUITests.xctest */;
			productType = "com.apple.product-type.bundle.ui-testing";
		};
/* End PBXNativeTarget section */

/* Begin PBXProject section */
		04C0177120A392C300AE27E1 /* Project object */ = {
			isa = PBXProject;
			attributes = {
				LastSwiftUpdateCheck = 0930;
				LastUpgradeCheck = 0930;
				ORGANIZATIONNAME = Mac;
				TargetAttributes = {
					04C0177820A392C300AE27E1 = {
						CreatedOnToolsVersion = 9.3;
					};
					04C0178F20A392C600AE27E1 = {
						CreatedOnToolsVersion = 9.3;
						TestTargetID = 04C0177820A392C300AE27E1;
					};
					04C0179A20A392C600AE27E1 = {
						CreatedOnToolsVersion = 9.3;
						TestTargetID = 04C0177820A392C300AE27E1;
					};
				};
			};
			buildConfigurationList = 04C0177420A392C300AE27E1 /* Build configuration list for PBXProject "StarWars" */;
			compatibilityVersion = "Xcode 9.3";
			developmentRegion = en;
			hasScannedForEncodings = 0;
			knownRegions = (
				en,
				Base,
			);
			mainGroup = 04C0177020A392C300AE27E1;
			productRefGroup = 04C0177A20A392C300AE27E1 /* Products */;
			projectDirPath = "";
			projectRoot = "";
			targets = (
				04C0177820A392C300AE27E1 /* StarWars */,
				04C0178F20A392C600AE27E1 /* StarWarsTests */,
				04C0179A20A392C600AE27E1 /* StarWarsUITests */,
			);
		};
/* End PBXProject section */

/* Begin PBXResourcesBuildPhase section */
		04C0177720A392C300AE27E1 /* Resources */ = {
			isa = PBXResourcesBuildPhase;
			buildActionMask = 2147483647;
			files = (
				04C0178A20A392C500AE27E1 /* LaunchScreen.storyboard in Resources */,
				04C0178720A392C500AE27E1 /* Assets.xcassets in Resources */,
				04C0178220A392C300AE27E1 /* Main.storyboard in Resources */,
			);
			runOnlyForDeploymentPostprocessing = 0;
		};
		04C0178E20A392C600AE27E1 /* Resources */ = {
			isa = PBXResourcesBuildPhase;
			buildActionMask = 2147483647;
			files = (
			);
			runOnlyForDeploymentPostprocessing = 0;
		};
		04C0179920A392C600AE27E1 /* Resources */ = {
			isa = PBXResourcesBuildPhase;
			buildActionMask = 2147483647;
			files = (
			);
			runOnlyForDeploymentPostprocessing = 0;
		};
/* End PBXResourcesBuildPhase section */

/* Begin PBXSourcesBuildPhase section */
		04C0177520A392C300AE27E1 /* Sources */ = {
			isa = PBXSourcesBuildPhase;
			buildActionMask = 2147483647;
			files = (
				04C0177F20A392C300AE27E1 /* ViewController.swift in Sources */,
				04C0177D20A392C300AE27E1 /* AppDelegate.swift in Sources */,
				04C0178520A392C300AE27E1 /* StarWars.xcdatamodeld in Sources */,
			);
			runOnlyForDeploymentPostprocessing = 0;
		};
		04C0178C20A392C600AE27E1 /* Sources */ = {
			isa = PBXSourcesBuildPhase;
			buildActionMask = 2147483647;
			files = (
				04C0179520A392C600AE27E1 /* StarWarsTests.swift in Sources */,
			);
			runOnlyForDeploymentPostprocessing = 0;
		};
		04C0179720A392C600AE27E1 /* Sources */ = {
			isa = PBXSourcesBuildPhase;
			buildActionMask = 2147483647;
			files = (
				04C017A020A392C600AE27E1 /* StarWarsUITests.swift in Sources */,
			);
			runOnlyForDeploymentPostprocessing = 0;
		};
/* End PBXSourcesBuildPhase section */

/* Begin PBXTargetDependency section */
		04C0179220A392C600AE27E1 /* PBXTargetDependency */ = {
			isa = PBXTargetDependency;
			target = 04C0177820A392C300AE27E1 /* StarWars */;
			targetProxy = 04C0179120A392C600AE27E1 /* PBXContainerItemProxy */;
		};
		04C0179D20A392C600AE27E1 /* PBXTargetDependency */ = {
			isa = PBXTargetDependency;
			target = 04C0177820A392C300AE27E1 /* StarWars */;
			targetProxy = 04C0179C20A392C600AE27E1 /* PBXContainerItemProxy */;
		};
/* End PBXTargetDependency section */

/* Begin PBXVariantGroup section */
		04C0178020A392C300AE27E1 /* Main.storyboard */ = {
			isa = PBXVariantGroup;
			children = (
				04C0178120A392C300AE27E1 /* Base */,
			);
			name = Main.storyboard;
			sourceTree = "<group>";
		};
		04C0178820A392C500AE27E1 /* LaunchScreen.storyboard */ = {
			isa = PBXVariantGroup;
			children = (
				04C0178920A392C500AE27E1 /* Base */,
			);
			name = LaunchScreen.storyboard;
			sourceTree = "<group>";
		};
/* End PBXVariantGroup section */

/* Begin XCBuildConfiguration section */
		04C017A220A392C600AE27E1 /* Debug */ = {
			isa = XCBuildConfiguration;
			buildSettings = {
				ALWAYS_SEARCH_USER_PATHS = NO;
				CLANG_ANALYZER_NONNULL = YES;
				CLANG_ANALYZER_NUMBER_OBJECT_CONVERSION = YES_AGGRESSIVE;
				CLANG_CXX_LANGUAGE_STANDARD = "gnu++14";
				CLANG_CXX_LIBRARY = "libc++";
				CLANG_ENABLE_MODULES = YES;
				CLANG_ENABLE_OBJC_ARC = YES;
				CLANG_ENABLE_OBJC_WEAK = YES;
				CLANG_WARN_BLOCK_CAPTURE_AUTORELEASING = YES;
				CLANG_WARN_BOOL_CONVERSION = YES;
				CLANG_WARN_COMMA = YES;
				CLANG_WARN_CONSTANT_CONVERSION = YES;
				CLANG_WARN_DEPRECATED_OBJC_IMPLEMENTATIONS = YES;
				CLANG_WARN_DIRECT_OBJC_ISA_USAGE = YES_ERROR;
				CLANG_WARN_DOCUMENTATION_COMMENTS = YES;
				CLANG_WARN_EMPTY_BODY = YES;
				CLANG_WARN_ENUM_CONVERSION = YES;
				CLANG_WARN_INFINITE_RECURSION = YES;
				CLANG_WARN_INT_CONVERSION = YES;
				CLANG_WARN_NON_LITERAL_NULL_CONVERSION = YES;
				CLANG_WARN_OBJC_IMPLICIT_RETAIN_SELF = YES;
				CLANG_WARN_OBJC_LITERAL_CONVERSION = YES;
				CLANG_WARN_OBJC_ROOT_CLASS = YES_ERROR;
				CLANG_WARN_RANGE_LOOP_ANALYSIS = YES;
				CLANG_WARN_STRICT_PROTOTYPES = YES;
				CLANG_WARN_SUSPICIOUS_MOVE = YES;
				CLANG_WARN_UNGUARDED_AVAILABILITY = YES_AGGRESSIVE;
				CLANG_WARN_UNREACHABLE_CODE = YES;
				CLANG_WARN__DUPLICATE_METHOD_MATCH = YES;
				CODE_SIGN_IDENTITY = "iPhone Developer";
				COPY_PHASE_STRIP = NO;
				DEBUG_INFORMATION_FORMAT = dwarf;
				ENABLE_STRICT_OBJC_MSGSEND = YES;
				ENABLE_TESTABILITY = YES;
				GCC_C_LANGUAGE_STANDARD = gnu11;
				GCC_DYNAMIC_NO_PIC = NO;
				GCC_NO_COMMON_BLOCKS = YES;
				GCC_OPTIMIZATION_LEVEL = 0;
				GCC_PREPROCESSOR_DEFINITIONS = (
					"DEBUG=1",
					"$(inherited)",
				);
				GCC_WARN_64_TO_32_BIT_CONVERSION = YES;
				GCC_WARN_ABOUT_RETURN_TYPE = YES_ERROR;
				GCC_WARN_UNDECLARED_SELECTOR = YES;
				GCC_WARN_UNINITIALIZED_AUTOS = YES_AGGRESSIVE;
				GCC_WARN_UNUSED_FUNCTION = YES;
				GCC_WARN_UNUSED_VARIABLE = YES;
				IPHONEOS_DEPLOYMENT_TARGET = 11.3;
				MTL_ENABLE_DEBUG_INFO = YES;
				ONLY_ACTIVE_ARCH = YES;
				SDKROOT = iphoneos;
				SWIFT_ACTIVE_COMPILATION_CONDITIONS = DEBUG;
				SWIFT_OPTIMIZATION_LEVEL = "-Onone";
			};
			name = Debug;
		};
		04C017A320A392C600AE27E1 /* Release */ = {
			isa = XCBuildConfiguration;
			buildSettings = {
				ALWAYS_SEARCH_USER_PATHS = NO;
				CLANG_ANALYZER_NONNULL = YES;
				CLANG_ANALYZER_NUMBER_OBJECT_CONVERSION = YES_AGGRESSIVE;
				CLANG_CXX_LANGUAGE_STANDARD = "gnu++14";
				CLANG_CXX_LIBRARY = "libc++";
				CLANG_ENABLE_MODULES = YES;
				CLANG_ENABLE_OBJC_ARC = YES;
				CLANG_ENABLE_OBJC_WEAK = YES;
				CLANG_WARN_BLOCK_CAPTURE_AUTORELEASING = YES;
				CLANG_WARN_BOOL_CONVERSION = YES;
				CLANG_WARN_COMMA = YES;
				CLANG_WARN_CONSTANT_CONVERSION = YES;
				CLANG_WARN_DEPRECATED_OBJC_IMPLEMENTATIONS = YES;
				CLANG_WARN_DIRECT_OBJC_ISA_USAGE = YES_ERROR;
				CLANG_WARN_DOCUMENTATION_COMMENTS = YES;
				CLANG_WARN_EMPTY_BODY = YES;
				CLANG_WARN_ENUM_CONVERSION = YES;
				CLANG_WARN_INFINITE_RECURSION = YES;
				CLANG_WARN_INT_CONVERSION = YES;
				CLANG_WARN_NON_LITERAL_NULL_CONVERSION = YES;
				CLANG_WARN_OBJC_IMPLICIT_RETAIN_SELF = YES;
				CLANG_WARN_OBJC_LITERAL_CONVERSION = YES;
				CLANG_WARN_OBJC_ROOT_CLASS = YES_ERROR;
				CLANG_WARN_RANGE_LOOP_ANALYSIS = YES;
				CLANG_WARN_STRICT_PROTOTYPES = YES;
				CLANG_WARN_SUSPICIOUS_MOVE = YES;
				CLANG_WARN_UNGUARDED_AVAILABILITY = YES_AGGRESSIVE;
				CLANG_WARN_UNREACHABLE_CODE = YES;
				CLANG_WARN__DUPLICATE_METHOD_MATCH = YES;
				CODE_SIGN_IDENTITY = "iPhone Developer";
				COPY_PHASE_STRIP = NO;
				DEBUG_INFORMATION_FORMAT = "dwarf-with-dsym";
				ENABLE_NS_ASSERTIONS = NO;
				ENABLE_STRICT_OBJC_MSGSEND = YES;
				GCC_C_LANGUAGE_STANDARD = gnu11;
				GCC_NO_COMMON_BLOCKS = YES;
				GCC_WARN_64_TO_32_BIT_CONVERSION = YES;
				GCC_WARN_ABOUT_RETURN_TYPE = YES_ERROR;
				GCC_WARN_UNDECLARED_SELECTOR = YES;
				GCC_WARN_UNINITIALIZED_AUTOS = YES_AGGRESSIVE;
				GCC_WARN_UNUSED_FUNCTION = YES;
				GCC_WARN_UNUSED_VARIABLE = YES;
				IPHONEOS_DEPLOYMENT_TARGET = 11.3;
				MTL_ENABLE_DEBUG_INFO = NO;
				SDKROOT = iphoneos;
				SWIFT_COMPILATION_MODE = wholemodule;
				SWIFT_OPTIMIZATION_LEVEL = "-O";
				VALIDATE_PRODUCT = YES;
			};
			name = Release;
		};
		04C017A520A392C600AE27E1 /* Debug */ = {
			isa = XCBuildConfiguration;
			buildSettings = {
				ASSETCATALOG_COMPILER_APPICON_NAME = AppIcon;
				CODE_SIGN_STYLE = Automatic;
				INFOPLIST_FILE = StarWars/Info.plist;
				LD_RUNPATH_SEARCH_PATHS = (
					"$(inherited)",
					"@executable_path/Frameworks",
				);
				PRODUCT_BUNDLE_IDENTIFIER = omar.StarWars;
				PRODUCT_NAME = "$(TARGET_NAME)";
				SWIFT_VERSION = 4.0;
				TARGETED_DEVICE_FAMILY = "1,2";
			};
			name = Debug;
		};
		04C017A620A392C600AE27E1 /* Release */ = {
			isa = XCBuildConfiguration;
			buildSettings = {
				ASSETCATALOG_COMPILER_APPICON_NAME = AppIcon;
				CODE_SIGN_STYLE = Automatic;
				INFOPLIST_FILE = StarWars/Info.plist;
				LD_RUNPATH_SEARCH_PATHS = (
					"$(inherited)",
					"@executable_path/Frameworks",
				);
				PRODUCT_BUNDLE_IDENTIFIER = omar.StarWars;
				PRODUCT_NAME = "$(TARGET_NAME)";
				SWIFT_VERSION = 4.0;
				TARGETED_DEVICE_FAMILY = "1,2";
			};
			name = Release;
		};
		04C017A820A392C600AE27E1 /* Debug */ = {
			isa = XCBuildConfiguration;
			buildSettings = {
				ALWAYS_EMBED_SWIFT_STANDARD_LIBRARIES = YES;
				BUNDLE_LOADER = "$(TEST_HOST)";
				CODE_SIGN_STYLE = Automatic;
				INFOPLIST_FILE = StarWarsTests/Info.plist;
				LD_RUNPATH_SEARCH_PATHS = (
					"$(inherited)",
					"@executable_path/Frameworks",
					"@loader_path/Frameworks",
				);
				PRODUCT_BUNDLE_IDENTIFIER = omar.StarWarsTests;
				PRODUCT_NAME = "$(TARGET_NAME)";
				SWIFT_VERSION = 4.0;
				TARGETED_DEVICE_FAMILY = "1,2";
				TEST_HOST = "$(BUILT_PRODUCTS_DIR)/StarWars.app/StarWars";
			};
			name = Debug;
		};
		04C017A920A392C600AE27E1 /* Release */ = {
			isa = XCBuildConfiguration;
			buildSettings = {
				ALWAYS_EMBED_SWIFT_STANDARD_LIBRARIES = YES;
				BUNDLE_LOADER = "$(TEST_HOST)";
				CODE_SIGN_STYLE = Automatic;
				INFOPLIST_FILE = StarWarsTests/Info.plist;
				LD_RUNPATH_SEARCH_PATHS = (
					"$(inherited)",
					"@executable_path/Frameworks",
					"@loader_path/Frameworks",
				);
				PRODUCT_BUNDLE_IDENTIFIER = omar.StarWarsTests;
				PRODUCT_NAME = "$(TARGET_NAME)";
				SWIFT_VERSION = 4.0;
				TARGETED_DEVICE_FAMILY = "1,2";
				TEST_HOST = "$(BUILT_PRODUCTS_DIR)/StarWars.app/StarWars";
			};
			name = Release;
		};
		04C017AB20A392C600AE27E1 /* Debug */ = {
			isa = XCBuildConfiguration;
			buildSettings = {
				ALWAYS_EMBED_SWIFT_STANDARD_LIBRARIES = YES;
				CODE_SIGN_STYLE = Automatic;
				INFOPLIST_FILE = StarWarsUITests/Info.plist;
				LD_RUNPATH_SEARCH_PATHS = (
					"$(inherited)",
					"@executable_path/Frameworks",
					"@loader_path/Frameworks",
				);
				PRODUCT_BUNDLE_IDENTIFIER = omar.StarWarsUITests;
				PRODUCT_NAME = "$(TARGET_NAME)";
				SWIFT_VERSION = 4.0;
				TARGETED_DEVICE_FAMILY = "1,2";
				TEST_TARGET_NAME = StarWars;
			};
			name = Debug;
		};
		04C017AC20A392C600AE27E1 /* Release */ = {
			isa = XCBuildConfiguration;
			buildSettings = {
				ALWAYS_EMBED_SWIFT_STANDARD_LIBRARIES = YES;
				CODE_SIGN_STYLE = Automatic;
				INFOPLIST_FILE = StarWarsUITests/Info.plist;
				LD_RUNPATH_SEARCH_PATHS = (
					"$(inherited)",
					"@executable_path/Frameworks",
					"@loader_path/Frameworks",
				);
				PRODUCT_BUNDLE_IDENTIFIER = omar.StarWarsUITests;
				PRODUCT_NAME = "$(TARGET_NAME)";
				SWIFT_VERSION = 4.0;
				TARGETED_DEVICE_FAMILY = "1,2";
				TEST_TARGET_NAME = StarWars;
			};
			name = Release;
		};
/* End XCBuildConfiguration section */

/* Begin XCConfigurationList section */
		04C0177420A392C300AE27E1 /* Build configuration list for PBXProject "StarWars" */ = {
			isa = XCConfigurationList;
			buildConfigurations = (
				04C017A220A392C600AE27E1 /* Debug */,
				04C017A320A392C600AE27E1 /* Release */,
			);
			defaultConfigurationIsVisible = 0;
			defaultConfigurationName = Release;
		};
		04C017A420A392C600AE27E1 /* Build configuration list for PBXNativeTarget "StarWars" */ = {
			isa = XCConfigurationList;
			buildConfigurations = (
				04C017A520A392C600AE27E1 /* Debug */,
				04C017A620A392C600AE27E1 /* Release */,
			);
			defaultConfigurationIsVisible = 0;
			defaultConfigurationName = Release;
		};
		04C017A720A392C600AE27E1 /* Build configuration list for PBXNativeTarget "StarWarsTests" */ = {
			isa = XCConfigurationList;
			buildConfigurations = (
				04C017A820A392C600AE27E1 /* Debug */,
				04C017A920A392C600AE27E1 /* Release */,
			);
			defaultConfigurationIsVisible = 0;
			defaultConfigurationName = Release;
		};
		04C017AA20A392C600AE27E1 /* Build configuration list for PBXNativeTarget "StarWarsUITests" */ = {
			isa = XCConfigurationList;
			buildConfigurations = (
				04C017AB20A392C600AE27E1 /* Debug */,
				04C017AC20A392C600AE27E1 /* Release */,
			);
			defaultConfigurationIsVisible = 0;
			defaultConfigurationName = Release;
		};
/* End XCConfigurationList section */

/* Begin XCVersionGroup section */
		04C0178320A392C300AE27E1 /* StarWars.xcdatamodeld */ = {
			isa = XCVersionGroup;
			children = (
				04C0178420A392C300AE27E1 /* StarWars.xcdatamodel */,
			);
			currentVersion = 04C0178420A392C300AE27E1 /* StarWars.xcdatamodel */;
			path = StarWars.xcdatamodeld;
			sourceTree = "<group>";
			versionGroupType = wrapper.xcdatamodel;
		};
/* End XCVersionGroup section */
	};
	rootObject = 04C0177120A392C300AE27E1 /* Project object */;
}
